
Microsoft Visual Studio Solution File, Format Version 12.00
# Visual Studio Version 17
VisualStudioVersion = 17.0.31903.59
MinimumVisualStudioVersion = 10.0.40219.1
Project("{FAE04EC0-301F-11D3-BF4B-00C04F79EFBC}") = "AuthenticationEP", "AuthenticationEP\AuthenticationEP.csproj", "{2E76221B-B22B-469D-B9A3-28D492BAEF8D}"
EndProject
Project("{FAE04EC0-301F-11D3-BF4B-00C04F79EFBC}") = "Core", "Core\Core.csproj", "{9F1BF1A7-04F9-47E8-825B-FF04C743534C}"
EndProject
Project("{FAE04EC0-301F-11D3-BF4B-00C04F79EFBC}") = "Data", "Data\Data.csproj", "{8B2AB1ED-1D84-4D12-A834-F810D7ABD4BD}"
EndProject
Project("{FAE04EC0-301F-11D3-BF4B-00C04F79EFBC}") = "Persistence", "Persistence\Persistence.csproj", "{A4626984-EF6C-4EFE-86CE-585E189D6563}"
EndProject
Global
	GlobalSection(SolutionConfigurationPlatforms) = preSolution
		Debug|Any CPU = Debug|Any CPU
		Release|Any CPU = Release|Any CPU
	EndGlobalSection
	GlobalSection(SolutionProperties) = preSolution
		HideSolutionNode = FALSE
	EndGlobalSection
	GlobalSection(ProjectConfigurationPlatforms) = postSolution
		{2E76221B-B22B-469D-B9A3-28D492BAEF8D}.Debug|Any CPU.ActiveCfg = Debug|Any CPU
		{2E76221B-B22B-469D-B9A3-28D492BAEF8D}.Debug|Any CPU.Build.0 = Debug|Any CPU
		{2E76221B-B22B-469D-B9A3-28D492BAEF8D}.Release|Any CPU.ActiveCfg = Release|Any CPU
		{2E76221B-B22B-469D-B9A3-28D492BAEF8D}.Release|Any CPU.Build.0 = Release|Any CPU
		{9F1BF1A7-04F9-47E8-825B-FF04C743534C}.Debug|Any CPU.ActiveCfg = Debug|Any CPU
		{9F1BF1A7-04F9-47E8-825B-FF04C743534C}.Debug|Any CPU.Build.0 = Debug|Any CPU
		{9F1BF1A7-04F9-47E8-825B-FF04C743534C}.Release|Any CPU.ActiveCfg = Release|Any CPU
		{9F1BF1A7-04F9-47E8-825B-FF04C743534C}.Release|Any CPU.Build.0 = Release|Any CPU
		{8B2AB1ED-1D84-4D12-A834-F810D7ABD4BD}.Debug|Any CPU.ActiveCfg = Debug|Any CPU
		{8B2AB1ED-1D84-4D12-A834-F810D7ABD4BD}.Debug|Any CPU.Build.0 = Debug|Any CPU
		{8B2AB1ED-1D84-4D12-A834-F810D7ABD4BD}.Release|Any CPU.ActiveCfg = Release|Any CPU
		{8B2AB1ED-1D84-4D12-A834-F810D7ABD4BD}.Release|Any CPU.Build.0 = Release|Any CPU
		{A4626984-EF6C-4EFE-86CE-585E189D6563}.Debug|Any CPU.ActiveCfg = Debug|Any CPU
		{A4626984-EF6C-4EFE-86CE-585E189D6563}.Debug|Any CPU.Build.0 = Debug|Any CPU
		{A4626984-EF6C-4EFE-86CE-585E189D6563}.Release|Any CPU.ActiveCfg = Release|Any CPU
		{A4626984-EF6C-4EFE-86CE-585E189D6563}.Release|Any CPU.Build.0 = Release|Any CPU
	EndGlobalSection
EndGlobal
